
Microsoft Visual Studio Solution File, Format Version 12.00
# Visual Studio Version 16
VisualStudioVersion = 16.0.32802.440
MinimumVisualStudioVersion = 10.0.40219.1
Project("{E24C65DC-7377-472B-9ABA-BC803B73C61A}") = "XPDeploy", ".", "{3799B9C0-8F41-4B76-BF16-49A86BBF8625}"
	ProjectSection(WebsiteProperties) = preProject
		TargetFrameworkMoniker = ".NETFramework,Version%3Dv4.0"
		Debug.AspNetCompiler.VirtualPath = "/localhost_50313"
		Debug.AspNetCompiler.PhysicalPath = "..\XPDeploy\"
		Debug.AspNetCompiler.TargetPath = "PrecompiledWeb\localhost_50313\"
		Debug.AspNetCompiler.Updateable = "true"
		Debug.AspNetCompiler.ForceOverwrite = "true"
		Debug.AspNetCompiler.FixedNames = "false"
		Debug.AspNetCompiler.Debug = "True"
		Release.AspNetCompiler.VirtualPath = "/localhost_50313"
		Release.AspNetCompiler.PhysicalPath = "..\XPDeploy\"
		Release.AspNetCompiler.TargetPath = "PrecompiledWeb\localhost_50313\"
		Release.AspNetCompiler.Updateable = "true"
		Release.AspNetCompiler.ForceOverwrite = "true"
		Release.AspNetCompiler.FixedNames = "false"
		Release.AspNetCompiler.Debug = "False"
		VWDPort = "50313"
		SlnRelativePath = "..\XPDeploy\"
	EndProjectSection
EndProject
Global
	GlobalSection(SolutionConfigurationPlatforms) = preSolution
		Debug|Any CPU = Debug|Any CPU
	EndGlobalSection
	GlobalSection(ProjectConfigurationPlatforms) = postSolution
		{3799B9C0-8F41-4B76-BF16-49A86BBF8625}.Debug|Any CPU.ActiveCfg = Debug|Any CPU
		{3799B9C0-8F41-4B76-BF16-49A86BBF8625}.Debug|Any CPU.Build.0 = Debug|Any CPU
	EndGlobalSection
	GlobalSection(SolutionProperties) = preSolution
		HideSolutionNode = FALSE
	EndGlobalSection
	GlobalSection(ExtensibilityGlobals) = postSolution
		SolutionGuid = {2ADD88B0-B3E5-42C7-A9CB-4F5C41F639EE}
	EndGlobalSection
EndGlobal
